
Microsoft Visual Studio Solution File, Format Version 12.00
# Visual Studio Version 16
VisualStudioVersion = 16.0.29409.12
MinimumVisualStudioVersion = 10.0.40219.1
Project("{9A19103F-16F7-4668-BE54-9A1E7A4F7556}") = "tester-core", "tester-core\tester-core.csproj", "{B498FC78-D19D-403B-86B9-15851761128A}"
EndProject
Project("{9A19103F-16F7-4668-BE54-9A1E7A4F7556}") = "tester-console", "tester-console\tester-console.csproj", "{3A6B606A-43E9-4DB2-8ACB-4BC723BEBB9B}"
EndProject
Project("{FAE04EC0-301F-11D3-BF4B-00C04F79EFBC}") = "tester-api", "tester-api\tester-api.csproj", "{36B3EEEF-02EA-4922-B7CC-4AC405B4B3A8}"
EndProject
Global
	GlobalSection(SolutionConfigurationPlatforms) = preSolution
		Debug|Any CPU = Debug|Any CPU
		Release|Any CPU = Release|Any CPU
	EndGlobalSection
	GlobalSection(ProjectConfigurationPlatforms) = postSolution
		{B498FC78-D19D-403B-86B9-15851761128A}.Debug|Any CPU.ActiveCfg = Debug|Any CPU
		{B498FC78-D19D-403B-86B9-15851761128A}.Debug|Any CPU.Build.0 = Debug|Any CPU
		{B498FC78-D19D-403B-86B9-15851761128A}.Release|Any CPU.ActiveCfg = Release|Any CPU
		{B498FC78-D19D-403B-86B9-15851761128A}.Release|Any CPU.Build.0 = Release|Any CPU
		{3A6B606A-43E9-4DB2-8ACB-4BC723BEBB9B}.Debug|Any CPU.ActiveCfg = Debug|Any CPU
		{3A6B606A-43E9-4DB2-8ACB-4BC723BEBB9B}.Debug|Any CPU.Build.0 = Debug|Any CPU
		{3A6B606A-43E9-4DB2-8ACB-4BC723BEBB9B}.Release|Any CPU.ActiveCfg = Release|Any CPU
		{3A6B606A-43E9-4DB2-8ACB-4BC723BEBB9B}.Release|Any CPU.Build.0 = Release|Any CPU
		{36B3EEEF-02EA-4922-B7CC-4AC405B4B3A8}.Debug|Any CPU.ActiveCfg = Debug|Any CPU
		{36B3EEEF-02EA-4922-B7CC-4AC405B4B3A8}.Debug|Any CPU.Build.0 = Debug|Any CPU
		{36B3EEEF-02EA-4922-B7CC-4AC405B4B3A8}.Release|Any CPU.ActiveCfg = Release|Any CPU
		{36B3EEEF-02EA-4922-B7CC-4AC405B4B3A8}.Release|Any CPU.Build.0 = Release|Any CPU
	EndGlobalSection
	GlobalSection(SolutionProperties) = preSolution
		HideSolutionNode = FALSE
	EndGlobalSection
	GlobalSection(ExtensibilityGlobals) = postSolution
		SolutionGuid = {16DAD273-B01F-4EA1-8027-A2DDACAE3EF6}
	EndGlobalSection
EndGlobal
